{
  "version": 4,
  "terraform_version": "0.12.13",
  "serial": 171,
  "lineage": "ec6d1541-e2d4-4574-d9fc-e05c7c1d9130",
  "outputs": {
    "instance_ip_addr": {
      "value": {
        "webservers": [
          "192.168.1.32",
          "192.168.1.30"
        ]
      },
      "type": [
        "object",
        {
          "webservers": [
            "tuple",
            [
              "string",
              "string"
            ]
          ]
        }
      ]
    }
  },
  "resources": [
    {
      "mode": "data",
      "type": "vsphere_compute_cluster",
      "name": "cluster",
      "provider": "provider.vsphere",
      "instances": [
        {
          "schema_version": 0,
          "attributes": {
            "datacenter_id": "datacenter-2",
            "id": "domain-c7",
            "name": "DRS-Cluster",
            "resource_pool_id": "resgroup-8"
          },
          "depends_on": [
            "data.vsphere_datacenter.dc"
          ]
        }
      ]
    },
    {
      "mode": "data",
      "type": "vsphere_datacenter",
      "name": "dc",
      "provider": "provider.vsphere",
      "instances": [
        {
          "schema_version": 0,
          "attributes": {
            "id": "datacenter-2",
            "name": "Labo"
          }
        }
      ]
    },
    {
      "mode": "data",
      "type": "vsphere_datastore",
      "name": "datastore",
      "provider": "provider.vsphere",
      "instances": [
        {
          "schema_version": 0,
          "attributes": {
            "datacenter_id": "datacenter-2",
            "id": "datastore-61",
            "name": "FreeNAS-FS"
          },
          "depends_on": [
            "data.vsphere_datacenter.dc"
          ]
        }
      ]
    },
    {
      "mode": "data",
      "type": "vsphere_network",
      "name": "network",
      "provider": "provider.vsphere",
      "instances": [
        {
          "schema_version": 0,
          "attributes": {
            "datacenter_id": "datacenter-2",
            "id": "network-42",
            "name": "VM Network",
            "type": "Network"
          },
          "depends_on": [
            "data.vsphere_datacenter.dc"
          ]
        }
      ]
    },
    {
      "mode": "data",
      "type": "vsphere_virtual_machine",
      "name": "template",
      "provider": "provider.vsphere",
      "instances": [
        {
          "schema_version": 0,
          "attributes": {
            "alternate_guest_name": "",
            "datacenter_id": "datacenter-2",
            "disks": [
              {
                "eagerly_scrub": false,
                "size": 3,
                "thin_provisioned": false
              }
            ],
            "firmware": "bios",
            "guest_id": "ubuntu64Guest",
            "id": "423ba697-af70-317b-40af-891f42ee788d",
            "name": "ubuntu-1804-tpl",
            "network_interface_types": [
              "vmxnet3"
            ],
            "scsi_bus_sharing": "noSharing",
            "scsi_controller_scan_count": 1,
            "scsi_type": "pvscsi"
          },
          "depends_on": [
            "data.vsphere_datacenter.dc"
          ]
        }
      ]
    },
    {
      "mode": "managed",
      "type": "local_file",
      "name": "inventory",
      "provider": "provider.local",
      "instances": [
        {
          "schema_version": 0,
          "attributes": {
            "content": "[webservers]\nweb0 ansible_host=172.23.82.60 ansible_port=2012 ansible_ssh_private_key_file=~/.ssh/id_rsa ansible_sudo_pass=123\nweb1 ansible_host=172.23.82.60 ansible_port=2010 ansible_ssh_private_key_file=~/.ssh/id_rsa ansible_sudo_pass=123\n\n[lbservers]\n\n\nlb0 ansible_host=172.23.82.60 ansible_port=2011 ansible_ssh_private_key_file=~/.ssh/id_rsa ansible_sudo_pass=123\n",
            "content_base64": null,
            "directory_permission": "0777",
            "file_permission": "0777",
            "filename": "../ansible/inventory/inventory-static.txt",
            "id": "76b2f1f1ff59057a160f35fcaac22dddac7fe971",
            "sensitive_content": null
          },
          "private": "bnVsbA==",
          "depends_on": [
            "vsphere_virtual_machine.vm",
            "vsphere_virtual_machine.vm-lb"
          ]
        }
      ]
    },
    {
      "mode": "managed",
      "type": "null_resource",
      "name": "ansible",
      "provider": "provider.null",
      "instances": [
        {
          "schema_version": 0,
          "attributes": {
            "id": "6619096408914436137",
            "triggers": null
          },
          "private": "bnVsbA=="
        }
      ]
    },
    {
      "mode": "managed",
      "type": "vsphere_folder",
      "name": "folder",
      "provider": "provider.vsphere",
      "instances": [
        {
          "schema_version": 1,
          "attributes": {
            "custom_attributes": {},
            "datacenter_id": "datacenter-2",
            "id": "group-v371",
            "path": "dries-webfarm",
            "tags": [],
            "type": "vm"
          },
          "depends_on": [
            "data.vsphere_datacenter.dc"
          ]
        }
      ]
    },
    {
      "mode": "managed",
      "type": "vsphere_virtual_machine",
      "name": "vm",
      "each": "list",
      "provider": "provider.vsphere",
      "instances": [
        {
          "index_key": 0,
          "schema_version": 3,
          "attributes": {
            "alternate_guest_name": "",
            "annotation": "",
            "boot_delay": 0,
            "boot_retry_delay": 10000,
            "boot_retry_enabled": false,
            "cdrom": [],
            "change_version": "2019-11-25T14:43:01.605237Z",
            "clone": [
              {
                "customize": [
                  {
                    "dns_server_list": [],
                    "dns_suffix_list": [],
                    "ipv4_gateway": "",
                    "ipv6_gateway": "",
                    "linux_options": [
                      {
                        "domain": "howest.local",
                        "host_name": "web-dries-1",
                        "hw_clock_utc": true,
                        "time_zone": ""
                      }
                    ],
                    "network_interface": [
                      {
                        "dns_domain": null,
                        "dns_server_list": null,
                        "ipv4_address": null,
                        "ipv4_netmask": null,
                        "ipv6_address": null,
                        "ipv6_netmask": null
                      }
                    ],
                    "timeout": 10,
                    "windows_options": [],
                    "windows_sysprep_text": ""
                  }
                ],
                "linked_clone": false,
                "template_uuid": "423ba697-af70-317b-40af-891f42ee788d",
                "timeout": 30
              }
            ],
            "cpu_hot_add_enabled": false,
            "cpu_hot_remove_enabled": false,
            "cpu_limit": -1,
            "cpu_performance_counters_enabled": false,
            "cpu_reservation": 0,
            "cpu_share_count": 1000,
            "cpu_share_level": "normal",
            "custom_attributes": {},
            "datastore_cluster_id": null,
            "datastore_id": "datastore-61",
            "default_ip_address": "192.168.1.32",
            "disk": [
              {
                "attach": false,
                "datastore_id": "datastore-61",
                "device_address": "scsi:0:0",
                "disk_mode": "persistent",
                "disk_sharing": "sharingNone",
                "eagerly_scrub": false,
                "io_limit": -1,
                "io_reservation": 0,
                "io_share_count": 1000,
                "io_share_level": "normal",
                "keep_on_remove": false,
                "key": 2000,
                "label": "",
                "name": "disk0.vmdk",
                "path": "web-dries-1/web-dries-1.vmdk",
                "size": 3,
                "thin_provisioned": false,
                "unit_number": 0,
                "uuid": "6000C292-c640-cb81-da95-b5f694123cac",
                "write_through": false
              }
            ],
            "efi_secure_boot_enabled": false,
            "enable_disk_uuid": false,
            "enable_logging": false,
            "ept_rvi_mode": "automatic",
            "extra_config": {},
            "firmware": "bios",
            "folder": "dries-webfarm",
            "force_power_off": true,
            "guest_id": "ubuntu64Guest",
            "guest_ip_addresses": [
              "192.168.1.32",
              "fe80::250:56ff:febb:47e6"
            ],
            "host_system_id": "host-36",
            "hv_mode": "hvAuto",
            "id": "423bfde9-ec44-eca2-408b-a290094f2f75",
            "ignored_guest_ips": null,
            "imported": null,
            "latency_sensitivity": "normal",
            "memory": 1024,
            "memory_hot_add_enabled": false,
            "memory_limit": -1,
            "memory_reservation": 0,
            "memory_share_count": 10240,
            "memory_share_level": "normal",
            "migrate_wait_timeout": 30,
            "moid": "vm-735",
            "name": "web-dries-1",
            "nested_hv_enabled": false,
            "network_interface": [
              {
                "adapter_type": "vmxnet3",
                "bandwidth_limit": -1,
                "bandwidth_reservation": 0,
                "bandwidth_share_count": 50,
                "bandwidth_share_level": "normal",
                "device_address": "pci:0:7",
                "key": 4000,
                "mac_address": "00:50:56:bb:47:e6",
                "network_id": "network-42",
                "use_static_mac": false
              }
            ],
            "num_cores_per_socket": 1,
            "num_cpus": 1,
            "reboot_required": false,
            "resource_pool_id": "resgroup-8",
            "run_tools_scripts_after_power_on": true,
            "run_tools_scripts_after_resume": true,
            "run_tools_scripts_before_guest_reboot": false,
            "run_tools_scripts_before_guest_shutdown": true,
            "run_tools_scripts_before_guest_standby": true,
            "scsi_bus_sharing": "noSharing",
            "scsi_controller_count": 1,
            "scsi_type": "pvscsi",
            "shutdown_wait_timeout": 3,
            "swap_placement_policy": "inherit",
            "sync_time_with_host": false,
            "tags": [],
            "uuid": "423bfde9-ec44-eca2-408b-a290094f2f75",
            "vapp": [],
            "vapp_transport": [],
            "vmware_tools_status": "guestToolsRunning",
            "vmx_path": "web-dries-1/web-dries-1.vmx",
            "wait_for_guest_ip_timeout": 0,
            "wait_for_guest_net_routable": true,
            "wait_for_guest_net_timeout": 5
          },
          "private": "eyJzY2hlbWFfdmVyc2lvbiI6IjMifQ==",
          "depends_on": [
            "data.vsphere_compute_cluster.cluster",
            "data.vsphere_datastore.datastore",
            "data.vsphere_network.network",
            "data.vsphere_virtual_machine.template",
            "vsphere_folder.folder"
          ]
        },
        {
          "index_key": 1,
          "schema_version": 3,
          "attributes": {
            "alternate_guest_name": "",
            "annotation": "",
            "boot_delay": 0,
            "boot_retry_delay": 10000,
            "boot_retry_enabled": false,
            "cdrom": [],
            "change_version": "2019-11-25T14:41:38.590063Z",
            "clone": [
              {
                "customize": [
                  {
                    "dns_server_list": [],
                    "dns_suffix_list": [],
                    "ipv4_gateway": "",
                    "ipv6_gateway": "",
                    "linux_options": [
                      {
                        "domain": "howest.local",
                        "host_name": "web-dries-2",
                        "hw_clock_utc": true,
                        "time_zone": ""
                      }
                    ],
                    "network_interface": [
                      {
                        "dns_domain": null,
                        "dns_server_list": null,
                        "ipv4_address": null,
                        "ipv4_netmask": null,
                        "ipv6_address": null,
                        "ipv6_netmask": null
                      }
                    ],
                    "timeout": 10,
                    "windows_options": [],
                    "windows_sysprep_text": ""
                  }
                ],
                "linked_clone": false,
                "template_uuid": "423ba697-af70-317b-40af-891f42ee788d",
                "timeout": 30
              }
            ],
            "cpu_hot_add_enabled": false,
            "cpu_hot_remove_enabled": false,
            "cpu_limit": -1,
            "cpu_performance_counters_enabled": false,
            "cpu_reservation": 0,
            "cpu_share_count": 1000,
            "cpu_share_level": "normal",
            "custom_attributes": {},
            "datastore_cluster_id": null,
            "datastore_id": "datastore-61",
            "default_ip_address": "192.168.1.30",
            "disk": [
              {
                "attach": false,
                "datastore_id": "datastore-61",
                "device_address": "scsi:0:0",
                "disk_mode": "persistent",
                "disk_sharing": "sharingNone",
                "eagerly_scrub": false,
                "io_limit": -1,
                "io_reservation": 0,
                "io_share_count": 1000,
                "io_share_level": "normal",
                "keep_on_remove": false,
                "key": 2000,
                "label": "",
                "name": "disk0.vmdk",
                "path": "web-dries-2/web-dries-2.vmdk",
                "size": 3,
                "thin_provisioned": false,
                "unit_number": 0,
                "uuid": "6000C29f-f4c2-cbea-fefd-61d064c88c71",
                "write_through": false
              }
            ],
            "efi_secure_boot_enabled": false,
            "enable_disk_uuid": false,
            "enable_logging": false,
            "ept_rvi_mode": "automatic",
            "extra_config": {},
            "firmware": "bios",
            "folder": "dries-webfarm",
            "force_power_off": true,
            "guest_id": "ubuntu64Guest",
            "guest_ip_addresses": [
              "192.168.1.30",
              "fe80::250:56ff:febb:d2ad"
            ],
            "host_system_id": "host-27",
            "hv_mode": "hvAuto",
            "id": "423b81b8-7585-15a7-dbb1-7a20f7c350ad",
            "ignored_guest_ips": null,
            "imported": null,
            "latency_sensitivity": "normal",
            "memory": 1024,
            "memory_hot_add_enabled": false,
            "memory_limit": -1,
            "memory_reservation": 0,
            "memory_share_count": 10240,
            "memory_share_level": "normal",
            "migrate_wait_timeout": 30,
            "moid": "vm-736",
            "name": "web-dries-2",
            "nested_hv_enabled": false,
            "network_interface": [
              {
                "adapter_type": "vmxnet3",
                "bandwidth_limit": -1,
                "bandwidth_reservation": 0,
                "bandwidth_share_count": 50,
                "bandwidth_share_level": "normal",
                "device_address": "pci:0:7",
                "key": 4000,
                "mac_address": "00:50:56:bb:d2:ad",
                "network_id": "network-42",
                "use_static_mac": false
              }
            ],
            "num_cores_per_socket": 1,
            "num_cpus": 1,
            "reboot_required": false,
            "resource_pool_id": "resgroup-8",
            "run_tools_scripts_after_power_on": true,
            "run_tools_scripts_after_resume": true,
            "run_tools_scripts_before_guest_reboot": false,
            "run_tools_scripts_before_guest_shutdown": true,
            "run_tools_scripts_before_guest_standby": true,
            "scsi_bus_sharing": "noSharing",
            "scsi_controller_count": 1,
            "scsi_type": "pvscsi",
            "shutdown_wait_timeout": 3,
            "swap_placement_policy": "inherit",
            "sync_time_with_host": false,
            "tags": [],
            "uuid": "423b81b8-7585-15a7-dbb1-7a20f7c350ad",
            "vapp": [],
            "vapp_transport": [],
            "vmware_tools_status": "guestToolsRunning",
            "vmx_path": "web-dries-2/web-dries-2.vmx",
            "wait_for_guest_ip_timeout": 0,
            "wait_for_guest_net_routable": true,
            "wait_for_guest_net_timeout": 5
          },
          "private": "eyJzY2hlbWFfdmVyc2lvbiI6IjMifQ==",
          "depends_on": [
            "data.vsphere_compute_cluster.cluster",
            "data.vsphere_datastore.datastore",
            "data.vsphere_network.network",
            "data.vsphere_virtual_machine.template",
            "vsphere_folder.folder"
          ]
        }
      ]
    },
    {
      "mode": "managed",
      "type": "vsphere_virtual_machine",
      "name": "vm-lb",
      "provider": "provider.vsphere",
      "instances": [
        {
          "schema_version": 3,
          "attributes": {
            "alternate_guest_name": "",
            "annotation": "",
            "boot_delay": 0,
            "boot_retry_delay": 10000,
            "boot_retry_enabled": false,
            "cdrom": [],
            "change_version": "2019-11-25T14:43:00.61856Z",
            "clone": [
              {
                "customize": [
                  {
                    "dns_server_list": [],
                    "dns_suffix_list": [],
                    "ipv4_gateway": "",
                    "ipv6_gateway": "",
                    "linux_options": [
                      {
                        "domain": "howest.local",
                        "host_name": "loadbalancer",
                        "hw_clock_utc": true,
                        "time_zone": ""
                      }
                    ],
                    "network_interface": [
                      {
                        "dns_domain": null,
                        "dns_server_list": null,
                        "ipv4_address": null,
                        "ipv4_netmask": null,
                        "ipv6_address": null,
                        "ipv6_netmask": null
                      }
                    ],
                    "timeout": 10,
                    "windows_options": [],
                    "windows_sysprep_text": ""
                  }
                ],
                "linked_clone": false,
                "template_uuid": "423ba697-af70-317b-40af-891f42ee788d",
                "timeout": 30
              }
            ],
            "cpu_hot_add_enabled": false,
            "cpu_hot_remove_enabled": false,
            "cpu_limit": -1,
            "cpu_performance_counters_enabled": false,
            "cpu_reservation": 0,
            "cpu_share_count": 1000,
            "cpu_share_level": "normal",
            "custom_attributes": {},
            "datastore_cluster_id": null,
            "datastore_id": "datastore-61",
            "default_ip_address": "192.168.1.31",
            "disk": [
              {
                "attach": false,
                "datastore_id": "datastore-61",
                "device_address": "scsi:0:0",
                "disk_mode": "persistent",
                "disk_sharing": "sharingNone",
                "eagerly_scrub": false,
                "io_limit": -1,
                "io_reservation": 0,
                "io_share_count": 1000,
                "io_share_level": "normal",
                "keep_on_remove": false,
                "key": 2000,
                "label": "",
                "name": "disk0.vmdk",
                "path": "loadbalancer/loadbalancer.vmdk",
                "size": 3,
                "thin_provisioned": false,
                "unit_number": 0,
                "uuid": "6000C29a-9fb5-f20c-03f8-af84c1e0eee9",
                "write_through": false
              }
            ],
            "efi_secure_boot_enabled": false,
            "enable_disk_uuid": false,
            "enable_logging": false,
            "ept_rvi_mode": "automatic",
            "extra_config": {},
            "firmware": "bios",
            "folder": "dries-webfarm",
            "force_power_off": true,
            "guest_id": "ubuntu64Guest",
            "guest_ip_addresses": [
              "192.168.1.31",
              "fe80::250:56ff:febb:ae7b"
            ],
            "host_system_id": "host-30",
            "hv_mode": "hvAuto",
            "id": "423ba915-2e77-6c12-8243-9cd324d90479",
            "ignored_guest_ips": null,
            "imported": null,
            "latency_sensitivity": "normal",
            "memory": 1024,
            "memory_hot_add_enabled": false,
            "memory_limit": -1,
            "memory_reservation": 0,
            "memory_share_count": 10240,
            "memory_share_level": "normal",
            "migrate_wait_timeout": 30,
            "moid": "vm-734",
            "name": "loadbalancer",
            "nested_hv_enabled": false,
            "network_interface": [
              {
                "adapter_type": "vmxnet3",
                "bandwidth_limit": -1,
                "bandwidth_reservation": 0,
                "bandwidth_share_count": 50,
                "bandwidth_share_level": "normal",
                "device_address": "pci:0:7",
                "key": 4000,
                "mac_address": "00:50:56:bb:ae:7b",
                "network_id": "network-42",
                "use_static_mac": false
              }
            ],
            "num_cores_per_socket": 1,
            "num_cpus": 1,
            "reboot_required": false,
            "resource_pool_id": "resgroup-8",
            "run_tools_scripts_after_power_on": true,
            "run_tools_scripts_after_resume": true,
            "run_tools_scripts_before_guest_reboot": false,
            "run_tools_scripts_before_guest_shutdown": true,
            "run_tools_scripts_before_guest_standby": true,
            "scsi_bus_sharing": "noSharing",
            "scsi_controller_count": 1,
            "scsi_type": "pvscsi",
            "shutdown_wait_timeout": 3,
            "swap_placement_policy": "inherit",
            "sync_time_with_host": false,
            "tags": [],
            "uuid": "423ba915-2e77-6c12-8243-9cd324d90479",
            "vapp": [],
            "vapp_transport": [],
            "vmware_tools_status": "guestToolsRunning",
            "vmx_path": "loadbalancer/loadbalancer.vmx",
            "wait_for_guest_ip_timeout": 0,
            "wait_for_guest_net_routable": true,
            "wait_for_guest_net_timeout": 5
          },
          "private": "eyJzY2hlbWFfdmVyc2lvbiI6IjMifQ==",
          "depends_on": [
            "data.vsphere_compute_cluster.cluster",
            "data.vsphere_datastore.datastore",
            "data.vsphere_network.network",
            "data.vsphere_virtual_machine.template",
            "vsphere_folder.folder"
          ]
        }
      ]
    }
  ]
}
